{
  "name": "satlync-node",
  "version": "1.0.0",
  "lockfileVersion": 3,
  "requires": true,
  "packages": {
    "": {
      "name": "satlync-node",
      "version": "1.0.0",
      "dependencies": {
        "electron": "^28.0.0",
        "electron-builder": "^24.6.0"
      }
    },
    "node_modules/electron": {
      "version": "28.2.0",
      "resolved": "https://registry.npmjs.org/electron/-/electron-28.2.0.tgz",
      "integrity": "sha512-/EXAMPLEHASH123",
      "dev": true
    },
    "node_modules/electron-builder": {
      "version": "24.6.0",
      "resolved": "https://registry.npmjs.org/electron-builder/-/electron-builder-24.6.0.tgz",
      "integrity": "sha512-/EXAMPLEHASH456",
      "dev": true,
      "dependencies": {
        "app-builder-lib": "^24.6.0"
      }
    },
    "node_modules/app-builder-lib": {
      "version": "24.6.0",
      "resolved": "https://registry.npmjs.org/app-builder-lib/-/app-builder-lib-24.6.0.tgz",
      "integrity": "sha512-/EXAMPLEHASH789",
      "dev": true
    }
  },
  "dependencies": {
    "electron": {
      "version": "28.2.0",
      "resolved": "https://registry.npmjs.org/electron/-/electron-28.2.0.tgz",
      "integrity": "sha512-/EXAMPLEHASH123"
    },
    "electron-builder": {
      "version": "24.6.0",
      "resolved": "https://registry.npmjs.org/electron-builder/-/electron-builder-24.6.0.tgz",
      "integrity": "sha512-/EXAMPLEHASH456"
    }
  }
}